# This file was autogenerated by Stack.
# You should not edit this file by hand.
# For more information, please see the documentation at:
#   https://docs.haskellstack.org/en/stable/lock_files

packages:
- completed:
    hackage: Cabal-3.6.3.0@sha256:ff97c442b0c679c1c9876acd15f73ac4f602b973c45bde42b43ec28265ee48f4,12459
    pantry-tree:
      sha256: b250a53bdb56844f047a2927833bb565b936a289abfa85dfc2a63148d776368a
      size: 19757
  original:
    hackage: Cabal-3.6.3.0
- completed:
    hackage: Cabal-syntax-3.10.1.0@sha256:bb835ebab577fd0f9c11dab96210dbb8d68ffc62652576f4b092563c345930e7,7434
    pantry-tree:
      sha256: bb1e418f0eb0976bbf4f50491ef4f2b737121bb866e22d07cff1de91f199db7e
      size: 11052
  original:
    hackage: Cabal-syntax-3.10.1.0
- completed:
    hackage: aeson-2.1.2.1@sha256:5b8d62a60963a925c4d123a46e42a8e235a32188522c9f119f64ac228c2612a7,6359
    pantry-tree:
      sha256: 58d33beedd6e0ff79920c636d8a4295deb684b6e97c9b1ca94d3c780958d6302
      size: 82465
  original:
    hackage: aeson-2.1.2.1
- completed:
    hackage: cabal-install-parsers-0.6.1@sha256:fb956240e61076536df95f72d619f62f965517a9f4b26830bde649e46cce39ee,3876
    pantry-tree:
      sha256: c883f51383b0a6ab26a46e32966b38f23bda809790875b4554021f2c0d72c5d5
      size: 1148
  original:
    hackage: cabal-install-parsers-0.6.1
- completed:
    hackage: chs-cabal-0.1.1.1@sha256:e8c8c1bf1dbeec64ad86d67ae6dca1c45afd644d20869546dfdcd03910d3848d,1149
    pantry-tree:
      sha256: 9fcbfe8dab3b829f11c893f97de763ae96353226bcb780bf3201c4119b26f581
      size: 345
  original:
    hackage: chs-cabal-0.1.1.1
- completed:
    hackage: chs-deps-0.1.0.0@sha256:0cdada6d2c682c41b20331b8c63c2ecfc7e806928585195fd544c9d41f3074fd,2496
    pantry-tree:
      sha256: b9e07152e9cd98b789bd58979aa6271232f05b29c46291aedc772d680434e183
      size: 498
  original:
    hackage: chs-deps-0.1.0.0
- completed:
    hackage: generic-arbitrary-0.2.2@sha256:202ffbf2032672a51318f2e80d7e75b72f8950e690346b4314f38bc7e39215f7,1189
    pantry-tree:
      sha256: de83c2f720996cda08568b0831696626c92d023ddb144538707462073be3e482
      size: 294
  original:
    hackage: generic-arbitrary-0.2.2@sha256:202ffbf2032672a51318f2e80d7e75b72f8950e690346b4314f38bc7e39215f7,1189
- completed:
    hackage: generically-0.1.1@sha256:378ec049bc2853b8011df116647fbd34bb9f00edce9840e4957f98abc097597c,1169
    pantry-tree:
      sha256: 9f30503d1fe709f3849c5dd8b9751697a8db4d66105d7ba9c3b98bf4e36bb232
      size: 233
  original:
    hackage: generically-0.1.1
- completed:
    hackage: haskus-utils-data-1.4@sha256:bfa94363b94b14779edd6834fbd59dbb847c3d7b8f48e3844f456ffdc077da4a,1466
    pantry-tree:
      sha256: 0b40fd5e679a2badd33b049876592c120d0c45ec0dd3fe651ca60c0e09cf9042
      size: 872
  original:
    hackage: haskus-utils-data-1.4@sha256:bfa94363b94b14779edd6834fbd59dbb847c3d7b8f48e3844f456ffdc077da4a,1466
- completed:
    hackage: haskus-utils-types-1.5.1@sha256:991c472f4e751e2f0d7aab6ad4220ef151d6160876dcf0511bbf876bbd432020,1298
    pantry-tree:
      sha256: 67355c8db2c9452e73fb5463914d7bcc80f3fdb09ff1d710aba1a9d3547a0806
      size: 853
  original:
    hackage: haskus-utils-types-1.5.1@sha256:991c472f4e751e2f0d7aab6ad4220ef151d6160876dcf0511bbf876bbd432020,1298
- completed:
    hackage: haskus-utils-variant-3.3@sha256:3df3fa0a557d75c0e8f94fe9954f76a692eaf8d368c401e30ab028624d55386b,2198
    pantry-tree:
      sha256: 2d1801b9948a14fe12314d9e4208733ff99da2d00dad40d87430be98076ffd94
      size: 1022
  original:
    hackage: haskus-utils-variant-3.3
- completed:
    hackage: file-uri-0.1.0.0@sha256:d6dcc12bde249362c93e413f87a41558b827333dfe3f97d953e47e1070c0da6f,1857
    pantry-tree:
      sha256: 511c68d0feaeaa568279a82e278bcb2a28dcb590f57b7abd9d369d1b46f9945f
      size: 448
  original:
    hackage: file-uri-0.1.0.0
- completed:
    hackage: libarchive-3.0.3.2@sha256:cb34d5105720c02a7d167250ae2b674dcf23d3406530f4f8bcae7e05a2748845,12836
    pantry-tree:
      sha256: 5167da5cc3c677bed726e1aa0c7ea151accdfba833dea14056fb126b62fa9500
      size: 15205
  original:
    hackage: libarchive-3.0.3.2
- completed:
    hackage: libyaml-streamly-0.2.1@sha256:1cc190979e666cab2165cbfcdfde5ce94d4782037a5ffdccb7e49d48cdffc451,2179
    pantry-tree:
      sha256: e7087803f7df6804a6998d995ce5dcf5d458d8da3ed2022064091cbbe872a986
      size: 1105
  original:
    hackage: libyaml-streamly-0.2.1
- completed:
    hackage: lzma-static-5.2.5.5@sha256:55ed074cda2b82008e020a51e2f8c22f2487a58a4989ab359bf04dd6c903b894,7431
    pantry-tree:
      sha256: 6cf21d18680a4f2aa0f720689806b4b6e41b4e00d4e992ffb7c16eada40fbf82
      size: 12760
  original:
    hackage: lzma-static-5.2.5.5
- completed:
    hackage: os-release-1.0.2.1@sha256:2c3e8f7a9a0e17d5042d14d2036d52b42c8d5606e8d004697af462a95c87a9e2,2718
    pantry-tree:
      sha256: 9e1dd3b613f16648430ab5b2b0ba420edba3de9025cbbd8e678477520242c434
      size: 2261
  original:
    hackage: os-release-1.0.2.1
- completed:
    hackage: parsec-3.1.15.0@sha256:a162d4cc8884014ba35192545cad293af0529fe11497aad8834bbaaa3dfffc26,4429
    pantry-tree:
      sha256: cbddc1e3c5ada6925354850cc0a8fadcd8643689098a504a0ed25ef9e0b932b8
      size: 2630
  original:
    hackage: parsec-3.1.15.0
- completed:
    hackage: streamly-0.8.2@sha256:ec521b7c1c4db068501c35804af77f40b7d34232f5e29d9b99e722229040eb80,23500
    pantry-tree:
      sha256: a756dc5d61ca0fd98db0ea95b9d703410f96ddbdbc63df0691ba1031ebed115d
      size: 25000
  original:
    hackage: streamly-0.8.2@sha256:ec521b7c1c4db068501c35804af77f40b7d34232f5e29d9b99e722229040eb80,23500
- completed:
    hackage: strict-base-0.4.0.0@sha256:2ff4e43cb95eedf2995558d7fc34d19362846413dd39e6aa6a5b3ea8228fef9f,1248
    pantry-tree:
      sha256: 26b629c09bba2e3f90e57ab8fd07a627327b438f2712ebe5e9345bd4a5127ff0
      size: 680
  original:
    hackage: strict-base-0.4.0.0
- completed:
    hackage: text-2.0.2@sha256:71b5fa8c64d3c1fd0a08f993463220867b08290a2256e94b0952bf0e8f5a45cc,9905
    pantry-tree:
      sha256: 25f3b6dd211e30f9e0ef5047bb9f30df7a9296cf1043873e31558196dfe78676
      size: 7514
  original:
    hackage: text-2.0.2
- completed:
    hackage: yaml-streamly-0.12.2@sha256:e2e5f6aca94e6e833d4df441c05af87cb48193fb2ed7e5648afd183ee204c0ac,5166
    pantry-tree:
      sha256: ec66b027e76b52decafb9a398539fc26f2319c98a9e4a18c89533344ec04b31e
      size: 2326
  original:
    hackage: yaml-streamly-0.12.2
- completed:
    name: versions
    pantry-tree:
      sha256: 4f40f82dfb10a004872101336a3644e956be7f59fb0bdaffdc5685e875b84286
      size: 604
    sha256: b32fd49376bd9b36c4922d9c687466685a78e5c473345c4974d70a7899bbacdb
    size: 19950
    url: https://github.com/fosskers/versions/archive/7bc3355348aac3510771d4622aff09ac38c9924d.tar.gz
    version: 6.0.3
  original:
    url: https://github.com/fosskers/versions/archive/7bc3355348aac3510771d4622aff09ac38c9924d.tar.gz
snapshots:
- completed:
    sha256: 5a59b2a405b3aba3c00188453be172b85893cab8ebc352b1ef58b0eae5d248a2
    size: 650475
    url: https://raw.githubusercontent.com/commercialhaskell/stackage-snapshots/master/lts/20/26.yaml
  original: lts-20.26
